
Microsoft Visual Studio Solution File, Format Version 11.00
# Visual Studio 2010
Project("{FAE04EC0-301F-11D3-BF4B-00C04F79EFBC}") = "com.reddit.api", "com.reddit.api\com.reddit.api.csproj", "{C9BFD1D2-F1E7-4288-A3D7-BB4583566794}"
EndProject
Project("{2150E333-8FDC-42A3-9474-1A3956D46DE8}") = "Solution Items", "Solution Items", "{B74BD605-6633-4F45-85DE-3B27035B507A}"
EndProject
Project("{F184B08F-C81C-45F6-A57F-5ABD9991F28F}") = "FireFighter", "FireFighter\FireFighter.vbproj", "{74BD8E52-A904-4736-9927-597FC5F2FBC9}"
EndProject
Project("{F184B08F-C81C-45F6-A57F-5ABD9991F28F}") = "KingArthur", "KingArthur\KingArthur.vbproj", "{B2E379DB-F22D-4532-864A-B67C42DDC0F6}"
EndProject
Global
	GlobalSection(TestCaseManagementSettings) = postSolution
		CategoryFile = reddit.vsmdi
	EndGlobalSection
	GlobalSection(SolutionConfigurationPlatforms) = preSolution
		Debug|Any CPU = Debug|Any CPU
		Debug|Mixed Platforms = Debug|Mixed Platforms
		Debug|x86 = Debug|x86
		frequency|Any CPU = frequency|Any CPU
		frequency|Mixed Platforms = frequency|Mixed Platforms
		frequency|x86 = frequency|x86
		regex|Any CPU = regex|Any CPU
		regex|Mixed Platforms = regex|Mixed Platforms
		regex|x86 = regex|x86
		Release|Any CPU = Release|Any CPU
		Release|Mixed Platforms = Release|Mixed Platforms
		Release|x86 = Release|x86
	EndGlobalSection
	GlobalSection(ProjectConfigurationPlatforms) = postSolution
		{C9BFD1D2-F1E7-4288-A3D7-BB4583566794}.Debug|Any CPU.ActiveCfg = Debug|Any CPU
		{C9BFD1D2-F1E7-4288-A3D7-BB4583566794}.Debug|Any CPU.Build.0 = Debug|Any CPU
		{C9BFD1D2-F1E7-4288-A3D7-BB4583566794}.Debug|Mixed Platforms.ActiveCfg = Debug|Any CPU
		{C9BFD1D2-F1E7-4288-A3D7-BB4583566794}.Debug|Mixed Platforms.Build.0 = Debug|Any CPU
		{C9BFD1D2-F1E7-4288-A3D7-BB4583566794}.Debug|x86.ActiveCfg = Debug|Any CPU
		{C9BFD1D2-F1E7-4288-A3D7-BB4583566794}.frequency|Any CPU.ActiveCfg = frequency|Any CPU
		{C9BFD1D2-F1E7-4288-A3D7-BB4583566794}.frequency|Any CPU.Build.0 = frequency|Any CPU
		{C9BFD1D2-F1E7-4288-A3D7-BB4583566794}.frequency|Mixed Platforms.ActiveCfg = frequency|Any CPU
		{C9BFD1D2-F1E7-4288-A3D7-BB4583566794}.frequency|Mixed Platforms.Build.0 = frequency|Any CPU
		{C9BFD1D2-F1E7-4288-A3D7-BB4583566794}.frequency|x86.ActiveCfg = frequency|Any CPU
		{C9BFD1D2-F1E7-4288-A3D7-BB4583566794}.regex|Any CPU.ActiveCfg = regex|Any CPU
		{C9BFD1D2-F1E7-4288-A3D7-BB4583566794}.regex|Any CPU.Build.0 = regex|Any CPU
		{C9BFD1D2-F1E7-4288-A3D7-BB4583566794}.regex|Mixed Platforms.ActiveCfg = regex|Any CPU
		{C9BFD1D2-F1E7-4288-A3D7-BB4583566794}.regex|Mixed Platforms.Build.0 = regex|Any CPU
		{C9BFD1D2-F1E7-4288-A3D7-BB4583566794}.regex|x86.ActiveCfg = regex|Any CPU
		{C9BFD1D2-F1E7-4288-A3D7-BB4583566794}.Release|Any CPU.ActiveCfg = Release|Any CPU
		{C9BFD1D2-F1E7-4288-A3D7-BB4583566794}.Release|Any CPU.Build.0 = Release|Any CPU
		{C9BFD1D2-F1E7-4288-A3D7-BB4583566794}.Release|Mixed Platforms.ActiveCfg = Release|Any CPU
		{C9BFD1D2-F1E7-4288-A3D7-BB4583566794}.Release|Mixed Platforms.Build.0 = Release|Any CPU
		{C9BFD1D2-F1E7-4288-A3D7-BB4583566794}.Release|x86.ActiveCfg = Release|Any CPU
		{74BD8E52-A904-4736-9927-597FC5F2FBC9}.Debug|Any CPU.ActiveCfg = Debug|x86
		{74BD8E52-A904-4736-9927-597FC5F2FBC9}.Debug|Mixed Platforms.ActiveCfg = Debug|x86
		{74BD8E52-A904-4736-9927-597FC5F2FBC9}.Debug|Mixed Platforms.Build.0 = Debug|x86
		{74BD8E52-A904-4736-9927-597FC5F2FBC9}.Debug|x86.ActiveCfg = Debug|x86
		{74BD8E52-A904-4736-9927-597FC5F2FBC9}.Debug|x86.Build.0 = Debug|x86
		{74BD8E52-A904-4736-9927-597FC5F2FBC9}.frequency|Any CPU.ActiveCfg = frequency|x86
		{74BD8E52-A904-4736-9927-597FC5F2FBC9}.frequency|Mixed Platforms.ActiveCfg = frequency|x86
		{74BD8E52-A904-4736-9927-597FC5F2FBC9}.frequency|Mixed Platforms.Build.0 = frequency|x86
		{74BD8E52-A904-4736-9927-597FC5F2FBC9}.frequency|x86.ActiveCfg = frequency|x86
		{74BD8E52-A904-4736-9927-597FC5F2FBC9}.frequency|x86.Build.0 = frequency|x86
		{74BD8E52-A904-4736-9927-597FC5F2FBC9}.regex|Any CPU.ActiveCfg = regex|x86
		{74BD8E52-A904-4736-9927-597FC5F2FBC9}.regex|Mixed Platforms.ActiveCfg = regex|x86
		{74BD8E52-A904-4736-9927-597FC5F2FBC9}.regex|Mixed Platforms.Build.0 = regex|x86
		{74BD8E52-A904-4736-9927-597FC5F2FBC9}.regex|x86.ActiveCfg = regex|x86
		{74BD8E52-A904-4736-9927-597FC5F2FBC9}.regex|x86.Build.0 = regex|x86
		{74BD8E52-A904-4736-9927-597FC5F2FBC9}.Release|Any CPU.ActiveCfg = Release|x86
		{74BD8E52-A904-4736-9927-597FC5F2FBC9}.Release|Mixed Platforms.ActiveCfg = Release|x86
		{74BD8E52-A904-4736-9927-597FC5F2FBC9}.Release|Mixed Platforms.Build.0 = Release|x86
		{74BD8E52-A904-4736-9927-597FC5F2FBC9}.Release|x86.ActiveCfg = Release|x86
		{74BD8E52-A904-4736-9927-597FC5F2FBC9}.Release|x86.Build.0 = Release|x86
		{B2E379DB-F22D-4532-864A-B67C42DDC0F6}.Debug|Any CPU.ActiveCfg = Debug|x86
		{B2E379DB-F22D-4532-864A-B67C42DDC0F6}.Debug|Mixed Platforms.ActiveCfg = Debug|x86
		{B2E379DB-F22D-4532-864A-B67C42DDC0F6}.Debug|Mixed Platforms.Build.0 = Debug|x86
		{B2E379DB-F22D-4532-864A-B67C42DDC0F6}.Debug|x86.ActiveCfg = Debug|x86
		{B2E379DB-F22D-4532-864A-B67C42DDC0F6}.Debug|x86.Build.0 = Debug|x86
		{B2E379DB-F22D-4532-864A-B67C42DDC0F6}.frequency|Any CPU.ActiveCfg = frequency|x86
		{B2E379DB-F22D-4532-864A-B67C42DDC0F6}.frequency|Mixed Platforms.ActiveCfg = frequency|x86
		{B2E379DB-F22D-4532-864A-B67C42DDC0F6}.frequency|Mixed Platforms.Build.0 = frequency|x86
		{B2E379DB-F22D-4532-864A-B67C42DDC0F6}.frequency|x86.ActiveCfg = frequency|x86
		{B2E379DB-F22D-4532-864A-B67C42DDC0F6}.frequency|x86.Build.0 = frequency|x86
		{B2E379DB-F22D-4532-864A-B67C42DDC0F6}.regex|Any CPU.ActiveCfg = regex|x86
		{B2E379DB-F22D-4532-864A-B67C42DDC0F6}.regex|Mixed Platforms.ActiveCfg = regex|x86
		{B2E379DB-F22D-4532-864A-B67C42DDC0F6}.regex|Mixed Platforms.Build.0 = regex|x86
		{B2E379DB-F22D-4532-864A-B67C42DDC0F6}.regex|x86.ActiveCfg = regex|x86
		{B2E379DB-F22D-4532-864A-B67C42DDC0F6}.regex|x86.Build.0 = regex|x86
		{B2E379DB-F22D-4532-864A-B67C42DDC0F6}.Release|Any CPU.ActiveCfg = Release|x86
		{B2E379DB-F22D-4532-864A-B67C42DDC0F6}.Release|Mixed Platforms.ActiveCfg = Release|x86
		{B2E379DB-F22D-4532-864A-B67C42DDC0F6}.Release|Mixed Platforms.Build.0 = Release|x86
		{B2E379DB-F22D-4532-864A-B67C42DDC0F6}.Release|x86.ActiveCfg = Release|x86
		{B2E379DB-F22D-4532-864A-B67C42DDC0F6}.Release|x86.Build.0 = Release|x86
	EndGlobalSection
	GlobalSection(SolutionProperties) = preSolution
		HideSolutionNode = FALSE
	EndGlobalSection
EndGlobal
